// !$*UTF8*$!
{
	archiveVersion = 1;
	classes = {
	};
	objectVersion = 56;
	objects = {

/* Begin PBXBuildFile section */
		64351D292BBD5B0E0072FAEB /* LaunchScreen.storyboard in Resources */ = {isa = PBXBuildFile; fileRef = 64351D282BBD5B0E0072FAEB /* LaunchScreen.storyboard */; };
		64351D2D2BBD5D6A0072FAEB /* DIContainer.swift in Sources */ = {isa = PBXBuildFile; fileRef = 64351D2C2BBD5D6A0072FAEB /* DIContainer.swift */; };
		64351D302BBD5E060072FAEB /* Services.swift in Sources */ = {isa = PBXBuildFile; fileRef = 64351D2F2BBD5E060072FAEB /* Services.swift */; };
		64351D342BBD5FA90072FAEB /* AuthenticationViewModel.swift in Sources */ = {isa = PBXBuildFile; fileRef = 64351D332BBD5FA90072FAEB /* AuthenticationViewModel.swift */; };
		64351D3A2BBD6AB40072FAEB /* FirebaseAuth in Frameworks */ = {isa = PBXBuildFile; productRef = 64351D392BBD6AB40072FAEB /* FirebaseAuth */; };
		64351D3C2BBD6B660072FAEB /* AppDelegate.swift in Sources */ = {isa = PBXBuildFile; fileRef = 64351D3B2BBD6B660072FAEB /* AppDelegate.swift */; };
		6440FD582BC10E9400C256EC /* GoogleService-Info.plist in Resources */ = {isa = PBXBuildFile; fileRef = 6440FD572BC10E9400C256EC /* GoogleService-Info.plist */; };
		6440FD5C2BC1137000C256EC /* randomNonceString.swift in Sources */ = {isa = PBXBuildFile; fileRef = 6440FD5B2BC1137000C256EC /* randomNonceString.swift */; };
		6440FD5E2BC1138C00C256EC /* sha256.swift in Sources */ = {isa = PBXBuildFile; fileRef = 6440FD5D2BC1138C00C256EC /* sha256.swift */; };
		647D4F272BBFB98B0004B691 /* GoogleSignIn in Frameworks */ = {isa = PBXBuildFile; productRef = 647D4F262BBFB98B0004B691 /* GoogleSignIn */; };
		647D4F292BBFB98B0004B691 /* GoogleSignInSwift in Frameworks */ = {isa = PBXBuildFile; productRef = 647D4F282BBFB98B0004B691 /* GoogleSignInSwift */; };
		647D4F2D2BBFBBAE0004B691 /* User.swift in Sources */ = {isa = PBXBuildFile; fileRef = 647D4F2C2BBFBBAE0004B691 /* User.swift */; };
		647D4F2F2BBFBBF20004B691 /* ServiceError.swift in Sources */ = {isa = PBXBuildFile; fileRef = 647D4F2E2BBFBBF20004B691 /* ServiceError.swift */; };
		64AB2B322BC25646005CCAD7 /* FirebaseDatabase in Frameworks */ = {isa = PBXBuildFile; productRef = 64AB2B312BC25646005CCAD7 /* FirebaseDatabase */; };
		64AB2B352BC25D96005CCAD7 /* UserDBRepository.swift in Sources */ = {isa = PBXBuildFile; fileRef = 64AB2B342BC25D96005CCAD7 /* UserDBRepository.swift */; };
		64AB2B372BC25DC2005CCAD7 /* UserService.swift in Sources */ = {isa = PBXBuildFile; fileRef = 64AB2B362BC25DC2005CCAD7 /* UserService.swift */; };
		64AB2B3A2BC25F0D005CCAD7 /* UserObject.swift in Sources */ = {isa = PBXBuildFile; fileRef = 64AB2B392BC25F0D005CCAD7 /* UserObject.swift */; };
		64AB2B3D2BC25F97005CCAD7 /* DBError.swift in Sources */ = {isa = PBXBuildFile; fileRef = 64AB2B3C2BC25F97005CCAD7 /* DBError.swift */; };
		64AB2B3F2BC262C5005CCAD7 /* Constant.swift in Sources */ = {isa = PBXBuildFile; fileRef = 64AB2B3E2BC262C5005CCAD7 /* Constant.swift */; };
		64ACEE322BBEE76700099400 /* AuthenticationService.swift in Sources */ = {isa = PBXBuildFile; fileRef = 64ACEE312BBEE76700099400 /* AuthenticationService.swift */; };
		64ACEE362BBEEA8F00099400 /* LoginIntroView.swift in Sources */ = {isa = PBXBuildFile; fileRef = 64ACEE352BBEEA8F00099400 /* LoginIntroView.swift */; };
		64ACEE382BBEEAA900099400 /* MainTabView.swift in Sources */ = {isa = PBXBuildFile; fileRef = 64ACEE372BBEEAA900099400 /* MainTabView.swift */; };
		64ACEE3A2BBEED1100099400 /* LoginBtnStyle.swift in Sources */ = {isa = PBXBuildFile; fileRef = 64ACEE392BBEED1100099400 /* LoginBtnStyle.swift */; };
		64ACEE3C2BBEED3A00099400 /* LoginView.swift in Sources */ = {isa = PBXBuildFile; fileRef = 64ACEE3B2BBEED3A00099400 /* LoginView.swift */; };
		64F7C6602BC11E95006226BF /* MainTabType.swift in Sources */ = {isa = PBXBuildFile; fileRef = 64F7C65F2BC11E95006226BF /* MainTabType.swift */; };
		64F7C6642BC11FE7006226BF /* ChatListView.swift in Sources */ = {isa = PBXBuildFile; fileRef = 64F7C6632BC11FE7006226BF /* ChatListView.swift */; };
		64F7C6662BC11FFF006226BF /* HomeView.swift in Sources */ = {isa = PBXBuildFile; fileRef = 64F7C6652BC11FFF006226BF /* HomeView.swift */; };
		64F7C6682BC12029006226BF /* HomeViewModel.swift in Sources */ = {isa = PBXBuildFile; fileRef = 64F7C6672BC12029006226BF /* HomeViewModel.swift */; };
		64F7C6692BC12374006226BF /* Color+Extension.swift in Sources */ = {isa = PBXBuildFile; fileRef = 72E4BEFB2B00B871007A1060 /* Color+Extension.swift */; };
		723ABD872AFFF1B800C260F1 /* LMessengerApp.swift in Sources */ = {isa = PBXBuildFile; fileRef = 723ABD862AFFF1B800C260F1 /* LMessengerApp.swift */; };
		723ABD892AFFF1B800C260F1 /* AuthenticatedView.swift in Sources */ = {isa = PBXBuildFile; fileRef = 723ABD882AFFF1B800C260F1 /* AuthenticatedView.swift */; };
		723ABD8B2AFFF1B900C260F1 /* Assets.xcassets in Resources */ = {isa = PBXBuildFile; fileRef = 723ABD8A2AFFF1B900C260F1 /* Assets.xcassets */; };
		723ABD8E2AFFF1B900C260F1 /* Preview Assets.xcassets in Resources */ = {isa = PBXBuildFile; fileRef = 723ABD8D2AFFF1B900C260F1 /* Preview Assets.xcassets */; };
		723ABD982AFFF1B900C260F1 /* LMessengerTests.swift in Sources */ = {isa = PBXBuildFile; fileRef = 723ABD972AFFF1B900C260F1 /* LMessengerTests.swift */; };
		723ABDA22AFFF1B900C260F1 /* LMessengerUITests.swift in Sources */ = {isa = PBXBuildFile; fileRef = 723ABDA12AFFF1B900C260F1 /* LMessengerUITests.swift */; };
		723ABDA42AFFF1B900C260F1 /* LMessengerUITestsLaunchTests.swift in Sources */ = {isa = PBXBuildFile; fileRef = 723ABDA32AFFF1B900C260F1 /* LMessengerUITestsLaunchTests.swift */; };
		723ABDB22AFFF1F000C260F1 /* Colors.xcassets in Resources */ = {isa = PBXBuildFile; fileRef = 723ABDB12AFFF1F000C260F1 /* Colors.xcassets */; };
/* End PBXBuildFile section */

/* Begin PBXContainerItemProxy section */
		723ABD942AFFF1B900C260F1 /* PBXContainerItemProxy */ = {
			isa = PBXContainerItemProxy;
			containerPortal = 723ABD7B2AFFF1B800C260F1 /* Project object */;
			proxyType = 1;
			remoteGlobalIDString = 723ABD822AFFF1B800C260F1;
			remoteInfo = LMessenger;
		};
		723ABD9E2AFFF1B900C260F1 /* PBXContainerItemProxy */ = {
			isa = PBXContainerItemProxy;
			containerPortal = 723ABD7B2AFFF1B800C260F1 /* Project object */;
			proxyType = 1;
			remoteGlobalIDString = 723ABD822AFFF1B800C260F1;
			remoteInfo = LMessenger;
		};
/* End PBXContainerItemProxy section */

/* Begin PBXFileReference section */
		64351D282BBD5B0E0072FAEB /* LaunchScreen.storyboard */ = {isa = PBXFileReference; fileEncoding = 4; lastKnownFileType = file.storyboard; path = LaunchScreen.storyboard; sourceTree = "<group>"; };
		64351D2A2BBD5B7D0072FAEB /* Info.plist */ = {isa = PBXFileReference; lastKnownFileType = text.plist; path = Info.plist; sourceTree = "<group>"; };
		64351D2C2BBD5D6A0072FAEB /* DIContainer.swift */ = {isa = PBXFileReference; lastKnownFileType = sourcecode.swift; path = DIContainer.swift; sourceTree = "<group>"; };
		64351D2F2BBD5E060072FAEB /* Services.swift */ = {isa = PBXFileReference; lastKnownFileType = sourcecode.swift; path = Services.swift; sourceTree = "<group>"; };
		64351D332BBD5FA90072FAEB /* AuthenticationViewModel.swift */ = {isa = PBXFileReference; lastKnownFileType = sourcecode.swift; path = AuthenticationViewModel.swift; sourceTree = "<group>"; };
		64351D3B2BBD6B660072FAEB /* AppDelegate.swift */ = {isa = PBXFileReference; lastKnownFileType = sourcecode.swift; path = AppDelegate.swift; sourceTree = "<group>"; };
		6440FD572BC10E9400C256EC /* GoogleService-Info.plist */ = {isa = PBXFileReference; fileEncoding = 4; lastKnownFileType = text.plist.xml; name = "GoogleService-Info.plist"; path = "../../../../../../Downloads/GoogleService-Info.plist"; sourceTree = "<group>"; };
		6440FD592BC10FDE00C256EC /* LMessengerDebug.entitlements */ = {isa = PBXFileReference; lastKnownFileType = text.plist.entitlements; path = LMessengerDebug.entitlements; sourceTree = "<group>"; };
		6440FD5B2BC1137000C256EC /* randomNonceString.swift */ = {isa = PBXFileReference; lastKnownFileType = sourcecode.swift; path = randomNonceString.swift; sourceTree = "<group>"; };
		6440FD5D2BC1138C00C256EC /* sha256.swift */ = {isa = PBXFileReference; lastKnownFileType = sourcecode.swift; path = sha256.swift; sourceTree = "<group>"; };
		647D4F2C2BBFBBAE0004B691 /* User.swift */ = {isa = PBXFileReference; lastKnownFileType = sourcecode.swift; path = User.swift; sourceTree = "<group>"; };
		647D4F2E2BBFBBF20004B691 /* ServiceError.swift */ = {isa = PBXFileReference; lastKnownFileType = sourcecode.swift; path = ServiceError.swift; sourceTree = "<group>"; };
		64AB2B342BC25D96005CCAD7 /* UserDBRepository.swift */ = {isa = PBXFileReference; lastKnownFileType = sourcecode.swift; path = UserDBRepository.swift; sourceTree = "<group>"; };
		64AB2B362BC25DC2005CCAD7 /* UserService.swift */ = {isa = PBXFileReference; lastKnownFileType = sourcecode.swift; path = UserService.swift; sourceTree = "<group>"; };
		64AB2B392BC25F0D005CCAD7 /* UserObject.swift */ = {isa = PBXFileReference; lastKnownFileType = sourcecode.swift; path = UserObject.swift; sourceTree = "<group>"; };
		64AB2B3C2BC25F97005CCAD7 /* DBError.swift */ = {isa = PBXFileReference; lastKnownFileType = sourcecode.swift; path = DBError.swift; sourceTree = "<group>"; };
		64AB2B3E2BC262C5005CCAD7 /* Constant.swift */ = {isa = PBXFileReference; lastKnownFileType = sourcecode.swift; path = Constant.swift; sourceTree = "<group>"; };
		64ACEE312BBEE76700099400 /* AuthenticationService.swift */ = {isa = PBXFileReference; lastKnownFileType = sourcecode.swift; path = AuthenticationService.swift; sourceTree = "<group>"; };
		64ACEE352BBEEA8F00099400 /* LoginIntroView.swift */ = {isa = PBXFileReference; lastKnownFileType = sourcecode.swift; path = LoginIntroView.swift; sourceTree = "<group>"; };
		64ACEE372BBEEAA900099400 /* MainTabView.swift */ = {isa = PBXFileReference; lastKnownFileType = sourcecode.swift; path = MainTabView.swift; sourceTree = "<group>"; };
		64ACEE392BBEED1100099400 /* LoginBtnStyle.swift */ = {isa = PBXFileReference; lastKnownFileType = sourcecode.swift; path = LoginBtnStyle.swift; sourceTree = "<group>"; };
		64ACEE3B2BBEED3A00099400 /* LoginView.swift */ = {isa = PBXFileReference; lastKnownFileType = sourcecode.swift; path = LoginView.swift; sourceTree = "<group>"; };
		64F7C65F2BC11E95006226BF /* MainTabType.swift */ = {isa = PBXFileReference; lastKnownFileType = sourcecode.swift; path = MainTabType.swift; sourceTree = "<group>"; };
		64F7C6632BC11FE7006226BF /* ChatListView.swift */ = {isa = PBXFileReference; lastKnownFileType = sourcecode.swift; path = ChatListView.swift; sourceTree = "<group>"; };
		64F7C6652BC11FFF006226BF /* HomeView.swift */ = {isa = PBXFileReference; lastKnownFileType = sourcecode.swift; path = HomeView.swift; sourceTree = "<group>"; };
		64F7C6672BC12029006226BF /* HomeViewModel.swift */ = {isa = PBXFileReference; lastKnownFileType = sourcecode.swift; path = HomeViewModel.swift; sourceTree = "<group>"; };
		723ABD832AFFF1B800C260F1 /* LMessenger.app */ = {isa = PBXFileReference; explicitFileType = wrapper.application; includeInIndex = 0; path = LMessenger.app; sourceTree = BUILT_PRODUCTS_DIR; };
		723ABD862AFFF1B800C260F1 /* LMessengerApp.swift */ = {isa = PBXFileReference; lastKnownFileType = sourcecode.swift; path = LMessengerApp.swift; sourceTree = "<group>"; };
		723ABD882AFFF1B800C260F1 /* AuthenticatedView.swift */ = {isa = PBXFileReference; lastKnownFileType = sourcecode.swift; path = AuthenticatedView.swift; sourceTree = "<group>"; };
		723ABD8A2AFFF1B900C260F1 /* Assets.xcassets */ = {isa = PBXFileReference; lastKnownFileType = folder.assetcatalog; path = Assets.xcassets; sourceTree = "<group>"; };
		723ABD8D2AFFF1B900C260F1 /* Preview Assets.xcassets */ = {isa = PBXFileReference; lastKnownFileType = folder.assetcatalog; path = "Preview Assets.xcassets"; sourceTree = "<group>"; };
		723ABD932AFFF1B900C260F1 /* LMessengerTests.xctest */ = {isa = PBXFileReference; explicitFileType = wrapper.cfbundle; includeInIndex = 0; path = LMessengerTests.xctest; sourceTree = BUILT_PRODUCTS_DIR; };
		723ABD972AFFF1B900C260F1 /* LMessengerTests.swift */ = {isa = PBXFileReference; lastKnownFileType = sourcecode.swift; path = LMessengerTests.swift; sourceTree = "<group>"; };
		723ABD9D2AFFF1B900C260F1 /* LMessengerUITests.xctest */ = {isa = PBXFileReference; explicitFileType = wrapper.cfbundle; includeInIndex = 0; path = LMessengerUITests.xctest; sourceTree = BUILT_PRODUCTS_DIR; };
		723ABDA12AFFF1B900C260F1 /* LMessengerUITests.swift */ = {isa = PBXFileReference; lastKnownFileType = sourcecode.swift; path = LMessengerUITests.swift; sourceTree = "<group>"; };
		723ABDA32AFFF1B900C260F1 /* LMessengerUITestsLaunchTests.swift */ = {isa = PBXFileReference; lastKnownFileType = sourcecode.swift; path = LMessengerUITestsLaunchTests.swift; sourceTree = "<group>"; };
		723ABDB12AFFF1F000C260F1 /* Colors.xcassets */ = {isa = PBXFileReference; lastKnownFileType = folder.assetcatalog; path = Colors.xcassets; sourceTree = "<group>"; };
		72E4BEFB2B00B871007A1060 /* Color+Extension.swift */ = {isa = PBXFileReference; fileEncoding = 4; lastKnownFileType = sourcecode.swift; path = "Color+Extension.swift"; sourceTree = "<group>"; };
/* End PBXFileReference section */

/* Begin PBXFrameworksBuildPhase section */
		723ABD802AFFF1B800C260F1 /* Frameworks */ = {
			isa = PBXFrameworksBuildPhase;
			buildActionMask = 2147483647;
			files = (
				647D4F292BBFB98B0004B691 /* GoogleSignInSwift in Frameworks */,
				64351D3A2BBD6AB40072FAEB /* FirebaseAuth in Frameworks */,
				64AB2B322BC25646005CCAD7 /* FirebaseDatabase in Frameworks */,
				647D4F272BBFB98B0004B691 /* GoogleSignIn in Frameworks */,
			);
			runOnlyForDeploymentPostprocessing = 0;
		};
		723ABD902AFFF1B900C260F1 /* Frameworks */ = {
			isa = PBXFrameworksBuildPhase;
			buildActionMask = 2147483647;
			files = (
			);
			runOnlyForDeploymentPostprocessing = 0;
		};
		723ABD9A2AFFF1B900C260F1 /* Frameworks */ = {
			isa = PBXFrameworksBuildPhase;
			buildActionMask = 2147483647;
			files = (
			);
			runOnlyForDeploymentPostprocessing = 0;
		};
/* End PBXFrameworksBuildPhase section */

/* Begin PBXGroup section */
		64351D2B2BBD5D3B0072FAEB /* General */ = {
			isa = PBXGroup;
			children = (
				64351D2C2BBD5D6A0072FAEB /* DIContainer.swift */,
				64AB2B3E2BC262C5005CCAD7 /* Constant.swift */,
			);
			path = General;
			sourceTree = "<group>";
		};
		64351D2E2BBD5DC70072FAEB /* Service */ = {
			isa = PBXGroup;
			children = (
				64351D2F2BBD5E060072FAEB /* Services.swift */,
				64ACEE312BBEE76700099400 /* AuthenticationService.swift */,
				647D4F2E2BBFBBF20004B691 /* ServiceError.swift */,
				64AB2B362BC25DC2005CCAD7 /* UserService.swift */,
			);
			path = Service;
			sourceTree = "<group>";
		};
		64351D312BBD5F500072FAEB /* View */ = {
			isa = PBXGroup;
			children = (
				64F7C6622BC11FC8006226BF /* ChatList */,
				64F7C6612BC11FC2006226BF /* Home */,
				64ACEE342BBEEA6700099400 /* MainTabView */,
				64ACEE332BBEEA5700099400 /* Login */,
				64351D322BBD5F570072FAEB /* Authentication */,
			);
			path = View;
			sourceTree = "<group>";
		};
		64351D322BBD5F570072FAEB /* Authentication */ = {
			isa = PBXGroup;
			children = (
				723ABD882AFFF1B800C260F1 /* AuthenticatedView.swift */,
				64351D332BBD5FA90072FAEB /* AuthenticationViewModel.swift */,
			);
			path = Authentication;
			sourceTree = "<group>";
		};
		64351D382BBD6AB40072FAEB /* Frameworks */ = {
			isa = PBXGroup;
			children = (
			);
			name = Frameworks;
			sourceTree = "<group>";
		};
		6440FD5A2BC1134C00C256EC /* Util */ = {
			isa = PBXGroup;
			children = (
				6440FD5B2BC1137000C256EC /* randomNonceString.swift */,
				6440FD5D2BC1138C00C256EC /* sha256.swift */,
			);
			path = Util;
			sourceTree = "<group>";
		};
		647D4F2A2BBFBB990004B691 /* Model */ = {
			isa = PBXGroup;
			children = (
				647D4F2C2BBFBBAE0004B691 /* User.swift */,
			);
			path = Model;
			sourceTree = "<group>";
		};
		64AB2B332BC25CF9005CCAD7 /* Repository */ = {
			isa = PBXGroup;
			children = (
				64AB2B382BC25EFD005CCAD7 /* DTO */,
				64AB2B342BC25D96005CCAD7 /* UserDBRepository.swift */,
				64AB2B3C2BC25F97005CCAD7 /* DBError.swift */,
			);
			path = Repository;
			sourceTree = "<group>";
		};
		64AB2B382BC25EFD005CCAD7 /* DTO */ = {
			isa = PBXGroup;
			children = (
				64AB2B392BC25F0D005CCAD7 /* UserObject.swift */,
			);
			path = DTO;
			sourceTree = "<group>";
		};
		64ACEE332BBEEA5700099400 /* Login */ = {
			isa = PBXGroup;
			children = (
				64ACEE352BBEEA8F00099400 /* LoginIntroView.swift */,
				64ACEE392BBEED1100099400 /* LoginBtnStyle.swift */,
				64ACEE3B2BBEED3A00099400 /* LoginView.swift */,
			);
			path = Login;
			sourceTree = "<group>";
		};
		64ACEE342BBEEA6700099400 /* MainTabView */ = {
			isa = PBXGroup;
			children = (
				64ACEE372BBEEAA900099400 /* MainTabView.swift */,
				64F7C65F2BC11E95006226BF /* MainTabType.swift */,
			);
			path = MainTabView;
			sourceTree = "<group>";
		};
		64F7C6612BC11FC2006226BF /* Home */ = {
			isa = PBXGroup;
			children = (
				64F7C6652BC11FFF006226BF /* HomeView.swift */,
				64F7C6672BC12029006226BF /* HomeViewModel.swift */,
			);
			path = Home;
			sourceTree = "<group>";
		};
		64F7C6622BC11FC8006226BF /* ChatList */ = {
			isa = PBXGroup;
			children = (
				64F7C6632BC11FE7006226BF /* ChatListView.swift */,
			);
			path = ChatList;
			sourceTree = "<group>";
		};
		723ABD7A2AFFF1B800C260F1 = {
			isa = PBXGroup;
			children = (
				723ABD852AFFF1B800C260F1 /* LMessenger */,
				723ABD962AFFF1B900C260F1 /* LMessengerTests */,
				723ABDA02AFFF1B900C260F1 /* LMessengerUITests */,
				723ABD842AFFF1B800C260F1 /* Products */,
				64351D382BBD6AB40072FAEB /* Frameworks */,
			);
			sourceTree = "<group>";
		};
		723ABD842AFFF1B800C260F1 /* Products */ = {
			isa = PBXGroup;
			children = (
				723ABD832AFFF1B800C260F1 /* LMessenger.app */,
				723ABD932AFFF1B900C260F1 /* LMessengerTests.xctest */,
				723ABD9D2AFFF1B900C260F1 /* LMessengerUITests.xctest */,
			);
			name = Products;
			sourceTree = "<group>";
		};
		723ABD852AFFF1B800C260F1 /* LMessenger */ = {
			isa = PBXGroup;
			children = (
				6440FD592BC10FDE00C256EC /* LMessengerDebug.entitlements */,
				723ABD862AFFF1B800C260F1 /* LMessengerApp.swift */,
				64351D3B2BBD6B660072FAEB /* AppDelegate.swift */,
				6440FD572BC10E9400C256EC /* GoogleService-Info.plist */,
				64351D2A2BBD5B7D0072FAEB /* Info.plist */,
				64AB2B332BC25CF9005CCAD7 /* Repository */,
				64351D2E2BBD5DC70072FAEB /* Service */,
				647D4F2A2BBFBB990004B691 /* Model */,
				64351D312BBD5F500072FAEB /* View */,
				64351D2B2BBD5D3B0072FAEB /* General */,
				72E4BEFA2B00B871007A1060 /* Extension */,
				723ABDB02AFFF1D800C260F1 /* Resource */,
				723ABD8C2AFFF1B900C260F1 /* Preview Content */,
				6440FD5A2BC1134C00C256EC /* Util */,
			);
			path = LMessenger;
			sourceTree = "<group>";
		};
		723ABD8C2AFFF1B900C260F1 /* Preview Content */ = {
			isa = PBXGroup;
			children = (
				723ABD8D2AFFF1B900C260F1 /* Preview Assets.xcassets */,
			);
			path = "Preview Content";
			sourceTree = "<group>";
		};
		723ABD962AFFF1B900C260F1 /* LMessengerTests */ = {
			isa = PBXGroup;
			children = (
				723ABD972AFFF1B900C260F1 /* LMessengerTests.swift */,
			);
			path = LMessengerTests;
			sourceTree = "<group>";
		};
		723ABDA02AFFF1B900C260F1 /* LMessengerUITests */ = {
			isa = PBXGroup;
			children = (
				723ABDA12AFFF1B900C260F1 /* LMessengerUITests.swift */,
				723ABDA32AFFF1B900C260F1 /* LMessengerUITestsLaunchTests.swift */,
			);
			path = LMessengerUITests;
			sourceTree = "<group>";
		};
		723ABDB02AFFF1D800C260F1 /* Resource */ = {
			isa = PBXGroup;
			children = (
				723ABD8A2AFFF1B900C260F1 /* Assets.xcassets */,
				723ABDB12AFFF1F000C260F1 /* Colors.xcassets */,
				64351D282BBD5B0E0072FAEB /* LaunchScreen.storyboard */,
			);
			path = Resource;
			sourceTree = "<group>";
		};
		72E4BEFA2B00B871007A1060 /* Extension */ = {
			isa = PBXGroup;
			children = (
				72E4BEFB2B00B871007A1060 /* Color+Extension.swift */,
			);
			path = Extension;
			sourceTree = "<group>";
		};
/* End PBXGroup section */

/* Begin PBXNativeTarget section */
		723ABD822AFFF1B800C260F1 /* LMessenger */ = {
			isa = PBXNativeTarget;
			buildConfigurationList = 723ABDA72AFFF1B900C260F1 /* Build configuration list for PBXNativeTarget "LMessenger" */;
			buildPhases = (
				723ABD7F2AFFF1B800C260F1 /* Sources */,
				723ABD802AFFF1B800C260F1 /* Frameworks */,
				723ABD812AFFF1B800C260F1 /* Resources */,
			);
			buildRules = (
			);
			dependencies = (
			);
			name = LMessenger;
			packageProductDependencies = (
				64351D392BBD6AB40072FAEB /* FirebaseAuth */,
				647D4F262BBFB98B0004B691 /* GoogleSignIn */,
				647D4F282BBFB98B0004B691 /* GoogleSignInSwift */,
				64AB2B312BC25646005CCAD7 /* FirebaseDatabase */,
			);
			productName = LMessenger;
			productReference = 723ABD832AFFF1B800C260F1 /* LMessenger.app */;
			productType = "com.apple.product-type.application";
		};
		723ABD922AFFF1B900C260F1 /* LMessengerTests */ = {
			isa = PBXNativeTarget;
			buildConfigurationList = 723ABDAA2AFFF1B900C260F1 /* Build configuration list for PBXNativeTarget "LMessengerTests" */;
			buildPhases = (
				723ABD8F2AFFF1B900C260F1 /* Sources */,
				723ABD902AFFF1B900C260F1 /* Frameworks */,
				723ABD912AFFF1B900C260F1 /* Resources */,
			);
			buildRules = (
			);
			dependencies = (
				723ABD952AFFF1B900C260F1 /* PBXTargetDependency */,
			);
			name = LMessengerTests;
			productName = LMessengerTests;
			productReference = 723ABD932AFFF1B900C260F1 /* LMessengerTests.xctest */;
			productType = "com.apple.product-type.bundle.unit-test";
		};
		723ABD9C2AFFF1B900C260F1 /* LMessengerUITests */ = {
			isa = PBXNativeTarget;
			buildConfigurationList = 723ABDAD2AFFF1B900C260F1 /* Build configuration list for PBXNativeTarget "LMessengerUITests" */;
			buildPhases = (
				723ABD992AFFF1B900C260F1 /* Sources */,
				723ABD9A2AFFF1B900C260F1 /* Frameworks */,
				723ABD9B2AFFF1B900C260F1 /* Resources */,
			);
			buildRules = (
			);
			dependencies = (
				723ABD9F2AFFF1B900C260F1 /* PBXTargetDependency */,
			);
			name = LMessengerUITests;
			productName = LMessengerUITests;
			productReference = 723ABD9D2AFFF1B900C260F1 /* LMessengerUITests.xctest */;
			productType = "com.apple.product-type.bundle.ui-testing";
		};
/* End PBXNativeTarget section */

/* Begin PBXProject section */
		723ABD7B2AFFF1B800C260F1 /* Project object */ = {
			isa = PBXProject;
			attributes = {
				BuildIndependentTargetsInParallel = 1;
				LastSwiftUpdateCheck = 1430;
				LastUpgradeCheck = 1430;
				TargetAttributes = {
					723ABD822AFFF1B800C260F1 = {
						CreatedOnToolsVersion = 14.3;
					};
					723ABD922AFFF1B900C260F1 = {
						CreatedOnToolsVersion = 14.3;
						TestTargetID = 723ABD822AFFF1B800C260F1;
					};
					723ABD9C2AFFF1B900C260F1 = {
						CreatedOnToolsVersion = 14.3;
						TestTargetID = 723ABD822AFFF1B800C260F1;
					};
				};
			};
			buildConfigurationList = 723ABD7E2AFFF1B800C260F1 /* Build configuration list for PBXProject "LMessenger" */;
			compatibilityVersion = "Xcode 14.0";
			developmentRegion = en;
			hasScannedForEncodings = 0;
			knownRegions = (
				en,
				Base,
			);
			mainGroup = 723ABD7A2AFFF1B800C260F1;
			packageReferences = (
				64351D372BBD6A930072FAEB /* XCRemoteSwiftPackageReference "firebase-ios-sdk" */,
				647D4F252BBFB98B0004B691 /* XCRemoteSwiftPackageReference "GoogleSignIn-iOS" */,
			);
			productRefGroup = 723ABD842AFFF1B800C260F1 /* Products */;
			projectDirPath = "";
			projectRoot = "";
			targets = (
				723ABD822AFFF1B800C260F1 /* LMessenger */,
				723ABD922AFFF1B900C260F1 /* LMessengerTests */,
				723ABD9C2AFFF1B900C260F1 /* LMessengerUITests */,
			);
		};
/* End PBXProject section */

/* Begin PBXResourcesBuildPhase section */
		723ABD812AFFF1B800C260F1 /* Resources */ = {
			isa = PBXResourcesBuildPhase;
			buildActionMask = 2147483647;
			files = (
				723ABDB22AFFF1F000C260F1 /* Colors.xcassets in Resources */,
				64351D292BBD5B0E0072FAEB /* LaunchScreen.storyboard in Resources */,
				6440FD582BC10E9400C256EC /* GoogleService-Info.plist in Resources */,
				723ABD8E2AFFF1B900C260F1 /* Preview Assets.xcassets in Resources */,
				723ABD8B2AFFF1B900C260F1 /* Assets.xcassets in Resources */,
			);
			runOnlyForDeploymentPostprocessing = 0;
		};
		723ABD912AFFF1B900C260F1 /* Resources */ = {
			isa = PBXResourcesBuildPhase;
			buildActionMask = 2147483647;
			files = (
			);
			runOnlyForDeploymentPostprocessing = 0;
		};
		723ABD9B2AFFF1B900C260F1 /* Resources */ = {
			isa = PBXResourcesBuildPhase;
			buildActionMask = 2147483647;
			files = (
			);
			runOnlyForDeploymentPostprocessing = 0;
		};
/* End PBXResourcesBuildPhase section */

/* Begin PBXSourcesBuildPhase section */
		723ABD7F2AFFF1B800C260F1 /* Sources */ = {
			isa = PBXSourcesBuildPhase;
			buildActionMask = 2147483647;
			files = (
				64AB2B3D2BC25F97005CCAD7 /* DBError.swift in Sources */,
				64F7C6692BC12374006226BF /* Color+Extension.swift in Sources */,
				6440FD5E2BC1138C00C256EC /* sha256.swift in Sources */,
				64F7C6602BC11E95006226BF /* MainTabType.swift in Sources */,
				64AB2B3A2BC25F0D005CCAD7 /* UserObject.swift in Sources */,
				647D4F2D2BBFBBAE0004B691 /* User.swift in Sources */,
				64F7C6682BC12029006226BF /* HomeViewModel.swift in Sources */,
				64ACEE362BBEEA8F00099400 /* LoginIntroView.swift in Sources */,
				64AB2B372BC25DC2005CCAD7 /* UserService.swift in Sources */,
				64AB2B352BC25D96005CCAD7 /* UserDBRepository.swift in Sources */,
				64F7C6642BC11FE7006226BF /* ChatListView.swift in Sources */,
				64351D342BBD5FA90072FAEB /* AuthenticationViewModel.swift in Sources */,
				64351D302BBD5E060072FAEB /* Services.swift in Sources */,
				64351D2D2BBD5D6A0072FAEB /* DIContainer.swift in Sources */,
				723ABD892AFFF1B800C260F1 /* AuthenticatedView.swift in Sources */,
				64351D3C2BBD6B660072FAEB /* AppDelegate.swift in Sources */,
				64ACEE3C2BBEED3A00099400 /* LoginView.swift in Sources */,
				64AB2B3F2BC262C5005CCAD7 /* Constant.swift in Sources */,
				723ABD872AFFF1B800C260F1 /* LMessengerApp.swift in Sources */,
				6440FD5C2BC1137000C256EC /* randomNonceString.swift in Sources */,
				64ACEE3A2BBEED1100099400 /* LoginBtnStyle.swift in Sources */,
				64ACEE322BBEE76700099400 /* AuthenticationService.swift in Sources */,
				647D4F2F2BBFBBF20004B691 /* ServiceError.swift in Sources */,
				64ACEE382BBEEAA900099400 /* MainTabView.swift in Sources */,
				64F7C6662BC11FFF006226BF /* HomeView.swift in Sources */,
			);
			runOnlyForDeploymentPostprocessing = 0;
		};
		723ABD8F2AFFF1B900C260F1 /* Sources */ = {
			isa = PBXSourcesBuildPhase;
			buildActionMask = 2147483647;
			files = (
				723ABD982AFFF1B900C260F1 /* LMessengerTests.swift in Sources */,
			);
			runOnlyForDeploymentPostprocessing = 0;
		};
		723ABD992AFFF1B900C260F1 /* Sources */ = {
			isa = PBXSourcesBuildPhase;
			buildActionMask = 2147483647;
			files = (
				723ABDA22AFFF1B900C260F1 /* LMessengerUITests.swift in Sources */,
				723ABDA42AFFF1B900C260F1 /* LMessengerUITestsLaunchTests.swift in Sources */,
			);
			runOnlyForDeploymentPostprocessing = 0;
		};
/* End PBXSourcesBuildPhase section */

/* Begin PBXTargetDependency section */
		723ABD952AFFF1B900C260F1 /* PBXTargetDependency */ = {
			isa = PBXTargetDependency;
			target = 723ABD822AFFF1B800C260F1 /* LMessenger */;
			targetProxy = 723ABD942AFFF1B900C260F1 /* PBXContainerItemProxy */;
		};
		723ABD9F2AFFF1B900C260F1 /* PBXTargetDependency */ = {
			isa = PBXTargetDependency;
			target = 723ABD822AFFF1B800C260F1 /* LMessenger */;
			targetProxy = 723ABD9E2AFFF1B900C260F1 /* PBXContainerItemProxy */;
		};
/* End PBXTargetDependency section */

/* Begin XCBuildConfiguration section */
		723ABDA52AFFF1B900C260F1 /* Debug */ = {
			isa = XCBuildConfiguration;
			buildSettings = {
				ALWAYS_SEARCH_USER_PATHS = NO;
				CLANG_ANALYZER_NONNULL = YES;
				CLANG_ANALYZER_NUMBER_OBJECT_CONVERSION = YES_AGGRESSIVE;
				CLANG_CXX_LANGUAGE_STANDARD = "gnu++20";
				CLANG_ENABLE_MODULES = YES;
				CLANG_ENABLE_OBJC_ARC = YES;
				CLANG_ENABLE_OBJC_WEAK = YES;
				CLANG_WARN_BLOCK_CAPTURE_AUTORELEASING = YES;
				CLANG_WARN_BOOL_CONVERSION = YES;
				CLANG_WARN_COMMA = YES;
				CLANG_WARN_CONSTANT_CONVERSION = YES;
				CLANG_WARN_DEPRECATED_OBJC_IMPLEMENTATIONS = YES;
				CLANG_WARN_DIRECT_OBJC_ISA_USAGE = YES_ERROR;
				CLANG_WARN_DOCUMENTATION_COMMENTS = YES;
				CLANG_WARN_EMPTY_BODY = YES;
				CLANG_WARN_ENUM_CONVERSION = YES;
				CLANG_WARN_INFINITE_RECURSION = YES;
				CLANG_WARN_INT_CONVERSION = YES;
				CLANG_WARN_NON_LITERAL_NULL_CONVERSION = YES;
				CLANG_WARN_OBJC_IMPLICIT_RETAIN_SELF = YES;
				CLANG_WARN_OBJC_LITERAL_CONVERSION = YES;
				CLANG_WARN_OBJC_ROOT_CLASS = YES_ERROR;
				CLANG_WARN_QUOTED_INCLUDE_IN_FRAMEWORK_HEADER = YES;
				CLANG_WARN_RANGE_LOOP_ANALYSIS = YES;
				CLANG_WARN_STRICT_PROTOTYPES = YES;
				CLANG_WARN_SUSPICIOUS_MOVE = YES;
				CLANG_WARN_UNGUARDED_AVAILABILITY = YES_AGGRESSIVE;
				CLANG_WARN_UNREACHABLE_CODE = YES;
				CLANG_WARN__DUPLICATE_METHOD_MATCH = YES;
				COPY_PHASE_STRIP = NO;
				DEBUG_INFORMATION_FORMAT = dwarf;
				ENABLE_STRICT_OBJC_MSGSEND = YES;
				ENABLE_TESTABILITY = YES;
				GCC_C_LANGUAGE_STANDARD = gnu11;
				GCC_DYNAMIC_NO_PIC = NO;
				GCC_NO_COMMON_BLOCKS = YES;
				GCC_OPTIMIZATION_LEVEL = 0;
				GCC_PREPROCESSOR_DEFINITIONS = (
					"DEBUG=1",
					"$(inherited)",
				);
				GCC_WARN_64_TO_32_BIT_CONVERSION = YES;
				GCC_WARN_ABOUT_RETURN_TYPE = YES_ERROR;
				GCC_WARN_UNDECLARED_SELECTOR = YES;
				GCC_WARN_UNINITIALIZED_AUTOS = YES_AGGRESSIVE;
				GCC_WARN_UNUSED_FUNCTION = YES;
				GCC_WARN_UNUSED_VARIABLE = YES;
				IPHONEOS_DEPLOYMENT_TARGET = 17.0;
				MTL_ENABLE_DEBUG_INFO = INCLUDE_SOURCE;
				MTL_FAST_MATH = YES;
				ONLY_ACTIVE_ARCH = YES;
				SDKROOT = iphoneos;
				SWIFT_ACTIVE_COMPILATION_CONDITIONS = DEBUG;
				SWIFT_OPTIMIZATION_LEVEL = "-Onone";
			};
			name = Debug;
		};
		723ABDA62AFFF1B900C260F1 /* Release */ = {
			isa = XCBuildConfiguration;
			buildSettings = {
				ALWAYS_SEARCH_USER_PATHS = NO;
				CLANG_ANALYZER_NONNULL = YES;
				CLANG_ANALYZER_NUMBER_OBJECT_CONVERSION = YES_AGGRESSIVE;
				CLANG_CXX_LANGUAGE_STANDARD = "gnu++20";
				CLANG_ENABLE_MODULES = YES;
				CLANG_ENABLE_OBJC_ARC = YES;
				CLANG_ENABLE_OBJC_WEAK = YES;
				CLANG_WARN_BLOCK_CAPTURE_AUTORELEASING = YES;
				CLANG_WARN_BOOL_CONVERSION = YES;
				CLANG_WARN_COMMA = YES;
				CLANG_WARN_CONSTANT_CONVERSION = YES;
				CLANG_WARN_DEPRECATED_OBJC_IMPLEMENTATIONS = YES;
				CLANG_WARN_DIRECT_OBJC_ISA_USAGE = YES_ERROR;
				CLANG_WARN_DOCUMENTATION_COMMENTS = YES;
				CLANG_WARN_EMPTY_BODY = YES;
				CLANG_WARN_ENUM_CONVERSION = YES;
				CLANG_WARN_INFINITE_RECURSION = YES;
				CLANG_WARN_INT_CONVERSION = YES;
				CLANG_WARN_NON_LITERAL_NULL_CONVERSION = YES;
				CLANG_WARN_OBJC_IMPLICIT_RETAIN_SELF = YES;
				CLANG_WARN_OBJC_LITERAL_CONVERSION = YES;
				CLANG_WARN_OBJC_ROOT_CLASS = YES_ERROR;
				CLANG_WARN_QUOTED_INCLUDE_IN_FRAMEWORK_HEADER = YES;
				CLANG_WARN_RANGE_LOOP_ANALYSIS = YES;
				CLANG_WARN_STRICT_PROTOTYPES = YES;
				CLANG_WARN_SUSPICIOUS_MOVE = YES;
				CLANG_WARN_UNGUARDED_AVAILABILITY = YES_AGGRESSIVE;
				CLANG_WARN_UNREACHABLE_CODE = YES;
				CLANG_WARN__DUPLICATE_METHOD_MATCH = YES;
				COPY_PHASE_STRIP = NO;
				DEBUG_INFORMATION_FORMAT = "dwarf-with-dsym";
				ENABLE_NS_ASSERTIONS = NO;
				ENABLE_STRICT_OBJC_MSGSEND = YES;
				GCC_C_LANGUAGE_STANDARD = gnu11;
				GCC_NO_COMMON_BLOCKS = YES;
				GCC_WARN_64_TO_32_BIT_CONVERSION = YES;
				GCC_WARN_ABOUT_RETURN_TYPE = YES_ERROR;
				GCC_WARN_UNDECLARED_SELECTOR = YES;
				GCC_WARN_UNINITIALIZED_AUTOS = YES_AGGRESSIVE;
				GCC_WARN_UNUSED_FUNCTION = YES;
				GCC_WARN_UNUSED_VARIABLE = YES;
				IPHONEOS_DEPLOYMENT_TARGET = 17.0;
				MTL_ENABLE_DEBUG_INFO = NO;
				MTL_FAST_MATH = YES;
				SDKROOT = iphoneos;
				SWIFT_COMPILATION_MODE = wholemodule;
				SWIFT_OPTIMIZATION_LEVEL = "-O";
				VALIDATE_PRODUCT = YES;
			};
			name = Release;
		};
		723ABDA82AFFF1B900C260F1 /* Debug */ = {
			isa = XCBuildConfiguration;
			buildSettings = {
				ASSETCATALOG_COMPILER_APPICON_NAME = AppIcon;
				ASSETCATALOG_COMPILER_GLOBAL_ACCENT_COLOR_NAME = AccentColor;
				CODE_SIGN_ENTITLEMENTS = LMessenger/LMessengerDebug.entitlements;
				CODE_SIGN_STYLE = Automatic;
				CURRENT_PROJECT_VERSION = 1;
				DEVELOPMENT_ASSET_PATHS = "\"LMessenger/Preview Content\"";
				DEVELOPMENT_TEAM = 9S8KMMC3YH;
				ENABLE_PREVIEWS = YES;
				GENERATE_INFOPLIST_FILE = YES;
				INFOPLIST_FILE = LMessenger/Info.plist;
				INFOPLIST_KEY_UIApplicationSceneManifest_Generation = YES;
				INFOPLIST_KEY_UIApplicationSupportsIndirectInputEvents = YES;
				INFOPLIST_KEY_UILaunchStoryboardName = LaunchScreen;
				INFOPLIST_KEY_UISupportedInterfaceOrientations = UIInterfaceOrientationPortrait;
				IPHONEOS_DEPLOYMENT_TARGET = 16.0;
				LD_RUNPATH_SEARCH_PATHS = (
					"$(inherited)",
					"@executable_path/Frameworks",
				);
				MARKETING_VERSION = 1.0;
				PRODUCT_BUNDLE_IDENTIFIER = com.Woogie.LMessenger;
				PRODUCT_NAME = "$(TARGET_NAME)";
				SWIFT_EMIT_LOC_STRINGS = YES;
				SWIFT_VERSION = 5.0;
				TARGETED_DEVICE_FAMILY = "1,2";
			};
			name = Debug;
		};
		723ABDA92AFFF1B900C260F1 /* Release */ = {
			isa = XCBuildConfiguration;
			buildSettings = {
				ASSETCATALOG_COMPILER_APPICON_NAME = AppIcon;
				ASSETCATALOG_COMPILER_GLOBAL_ACCENT_COLOR_NAME = AccentColor;
				CODE_SIGN_STYLE = Automatic;
				CURRENT_PROJECT_VERSION = 1;
				DEVELOPMENT_ASSET_PATHS = "\"LMessenger/Preview Content\"";
				DEVELOPMENT_TEAM = 9S8KMMC3YH;
				ENABLE_PREVIEWS = YES;
				GENERATE_INFOPLIST_FILE = YES;
				INFOPLIST_FILE = LMessenger/Info.plist;
				INFOPLIST_KEY_UIApplicationSceneManifest_Generation = YES;
				INFOPLIST_KEY_UIApplicationSupportsIndirectInputEvents = YES;
				INFOPLIST_KEY_UILaunchStoryboardName = LaunchScreen;
				INFOPLIST_KEY_UISupportedInterfaceOrientations = UIInterfaceOrientationPortrait;
				IPHONEOS_DEPLOYMENT_TARGET = 16.0;
				LD_RUNPATH_SEARCH_PATHS = (
					"$(inherited)",
					"@executable_path/Frameworks",
				);
				MARKETING_VERSION = 1.0;
				PRODUCT_BUNDLE_IDENTIFIER = com.Woogie.LMessenger;
				PRODUCT_NAME = "$(TARGET_NAME)";
				SWIFT_EMIT_LOC_STRINGS = YES;
				SWIFT_VERSION = 5.0;
				TARGETED_DEVICE_FAMILY = "1,2";
			};
			name = Release;
		};
		723ABDAB2AFFF1B900C260F1 /* Debug */ = {
			isa = XCBuildConfiguration;
			buildSettings = {
				ALWAYS_EMBED_SWIFT_STANDARD_LIBRARIES = YES;
				BUNDLE_LOADER = "$(TEST_HOST)";
				CODE_SIGN_STYLE = Automatic;
				CURRENT_PROJECT_VERSION = 1;
				DEVELOPMENT_TEAM = 3TJC44V5L9;
				GENERATE_INFOPLIST_FILE = YES;
				IPHONEOS_DEPLOYMENT_TARGET = 16.4;
				MARKETING_VERSION = 1.0;
				PRODUCT_BUNDLE_IDENTIFIER = com.fastcampus.LMessengerTests;
				PRODUCT_NAME = "$(TARGET_NAME)";
				SWIFT_EMIT_LOC_STRINGS = NO;
				SWIFT_VERSION = 5.0;
				TARGETED_DEVICE_FAMILY = "1,2";
				TEST_HOST = "$(BUILT_PRODUCTS_DIR)/LMessenger.app/$(BUNDLE_EXECUTABLE_FOLDER_PATH)/LMessenger";
			};
			name = Debug;
		};
		723ABDAC2AFFF1B900C260F1 /* Release */ = {
			isa = XCBuildConfiguration;
			buildSettings = {
				ALWAYS_EMBED_SWIFT_STANDARD_LIBRARIES = YES;
				BUNDLE_LOADER = "$(TEST_HOST)";
				CODE_SIGN_STYLE = Automatic;
				CURRENT_PROJECT_VERSION = 1;
				DEVELOPMENT_TEAM = 3TJC44V5L9;
				GENERATE_INFOPLIST_FILE = YES;
				IPHONEOS_DEPLOYMENT_TARGET = 16.4;
				MARKETING_VERSION = 1.0;
				PRODUCT_BUNDLE_IDENTIFIER = com.fastcampus.LMessengerTests;
				PRODUCT_NAME = "$(TARGET_NAME)";
				SWIFT_EMIT_LOC_STRINGS = NO;
				SWIFT_VERSION = 5.0;
				TARGETED_DEVICE_FAMILY = "1,2";
				TEST_HOST = "$(BUILT_PRODUCTS_DIR)/LMessenger.app/$(BUNDLE_EXECUTABLE_FOLDER_PATH)/LMessenger";
			};
			name = Release;
		};
		723ABDAE2AFFF1B900C260F1 /* Debug */ = {
			isa = XCBuildConfiguration;
			buildSettings = {
				ALWAYS_EMBED_SWIFT_STANDARD_LIBRARIES = YES;
				CODE_SIGN_STYLE = Automatic;
				CURRENT_PROJECT_VERSION = 1;
				DEVELOPMENT_TEAM = 3TJC44V5L9;
				GENERATE_INFOPLIST_FILE = YES;
				MARKETING_VERSION = 1.0;
				PRODUCT_BUNDLE_IDENTIFIER = com.fastcampus.LMessengerUITests;
				PRODUCT_NAME = "$(TARGET_NAME)";
				SWIFT_EMIT_LOC_STRINGS = NO;
				SWIFT_VERSION = 5.0;
				TARGETED_DEVICE_FAMILY = "1,2";
				TEST_TARGET_NAME = LMessenger;
			};
			name = Debug;
		};
		723ABDAF2AFFF1B900C260F1 /* Release */ = {
			isa = XCBuildConfiguration;
			buildSettings = {
				ALWAYS_EMBED_SWIFT_STANDARD_LIBRARIES = YES;
				CODE_SIGN_STYLE = Automatic;
				CURRENT_PROJECT_VERSION = 1;
				DEVELOPMENT_TEAM = 3TJC44V5L9;
				GENERATE_INFOPLIST_FILE = YES;
				MARKETING_VERSION = 1.0;
				PRODUCT_BUNDLE_IDENTIFIER = com.fastcampus.LMessengerUITests;
				PRODUCT_NAME = "$(TARGET_NAME)";
				SWIFT_EMIT_LOC_STRINGS = NO;
				SWIFT_VERSION = 5.0;
				TARGETED_DEVICE_FAMILY = "1,2";
				TEST_TARGET_NAME = LMessenger;
			};
			name = Release;
		};
/* End XCBuildConfiguration section */

/* Begin XCConfigurationList section */
		723ABD7E2AFFF1B800C260F1 /* Build configuration list for PBXProject "LMessenger" */ = {
			isa = XCConfigurationList;
			buildConfigurations = (
				723ABDA52AFFF1B900C260F1 /* Debug */,
				723ABDA62AFFF1B900C260F1 /* Release */,
			);
			defaultConfigurationIsVisible = 0;
			defaultConfigurationName = Release;
		};
		723ABDA72AFFF1B900C260F1 /* Build configuration list for PBXNativeTarget "LMessenger" */ = {
			isa = XCConfigurationList;
			buildConfigurations = (
				723ABDA82AFFF1B900C260F1 /* Debug */,
				723ABDA92AFFF1B900C260F1 /* Release */,
			);
			defaultConfigurationIsVisible = 0;
			defaultConfigurationName = Release;
		};
		723ABDAA2AFFF1B900C260F1 /* Build configuration list for PBXNativeTarget "LMessengerTests" */ = {
			isa = XCConfigurationList;
			buildConfigurations = (
				723ABDAB2AFFF1B900C260F1 /* Debug */,
				723ABDAC2AFFF1B900C260F1 /* Release */,
			);
			defaultConfigurationIsVisible = 0;
			defaultConfigurationName = Release;
		};
		723ABDAD2AFFF1B900C260F1 /* Build configuration list for PBXNativeTarget "LMessengerUITests" */ = {
			isa = XCConfigurationList;
			buildConfigurations = (
				723ABDAE2AFFF1B900C260F1 /* Debug */,
				723ABDAF2AFFF1B900C260F1 /* Release */,
			);
			defaultConfigurationIsVisible = 0;
			defaultConfigurationName = Release;
		};
/* End XCConfigurationList section */

/* Begin XCRemoteSwiftPackageReference section */
		64351D372BBD6A930072FAEB /* XCRemoteSwiftPackageReference "firebase-ios-sdk" */ = {
			isa = XCRemoteSwiftPackageReference;
			repositoryURL = "https://github.com/firebase/firebase-ios-sdk";
			requirement = {
				kind = upToNextMajorVersion;
				minimumVersion = 10.23.1;
			};
		};
		647D4F252BBFB98B0004B691 /* XCRemoteSwiftPackageReference "GoogleSignIn-iOS" */ = {
			isa = XCRemoteSwiftPackageReference;
			repositoryURL = "https://github.com/google/GoogleSignIn-iOS";
			requirement = {
				kind = upToNextMajorVersion;
				minimumVersion = 7.1.0;
			};
		};
/* End XCRemoteSwiftPackageReference section */

/* Begin XCSwiftPackageProductDependency section */
		64351D392BBD6AB40072FAEB /* FirebaseAuth */ = {
			isa = XCSwiftPackageProductDependency;
			package = 64351D372BBD6A930072FAEB /* XCRemoteSwiftPackageReference "firebase-ios-sdk" */;
			productName = FirebaseAuth;
		};
		647D4F262BBFB98B0004B691 /* GoogleSignIn */ = {
			isa = XCSwiftPackageProductDependency;
			package = 647D4F252BBFB98B0004B691 /* XCRemoteSwiftPackageReference "GoogleSignIn-iOS" */;
			productName = GoogleSignIn;
		};
		647D4F282BBFB98B0004B691 /* GoogleSignInSwift */ = {
			isa = XCSwiftPackageProductDependency;
			package = 647D4F252BBFB98B0004B691 /* XCRemoteSwiftPackageReference "GoogleSignIn-iOS" */;
			productName = GoogleSignInSwift;
		};
		64AB2B312BC25646005CCAD7 /* FirebaseDatabase */ = {
			isa = XCSwiftPackageProductDependency;
			package = 64351D372BBD6A930072FAEB /* XCRemoteSwiftPackageReference "firebase-ios-sdk" */;
			productName = FirebaseDatabase;
		};
/* End XCSwiftPackageProductDependency section */
	};
	rootObject = 723ABD7B2AFFF1B800C260F1 /* Project object */;
}
