// !$*UTF8*$!
{
	archiveVersion = 1;
	classes = {
	};
	objectVersion = 56;
	objects = {

/* Begin PBXBuildFile section */
		648A6A322C02FA1300833FE4 /* LLDB_debuggingApp.swift in Sources */ = {isa = PBXBuildFile; fileRef = 648A6A312C02FA1300833FE4 /* LLDB_debuggingApp.swift */; };
		648A6A342C02FA1300833FE4 /* ContentView.swift in Sources */ = {isa = PBXBuildFile; fileRef = 648A6A332C02FA1300833FE4 /* ContentView.swift */; };
		648A6A362C02FA1600833FE4 /* Assets.xcassets in Resources */ = {isa = PBXBuildFile; fileRef = 648A6A352C02FA1600833FE4 /* Assets.xcassets */; };
		648A6A392C02FA1600833FE4 /* Preview Assets.xcassets in Resources */ = {isa = PBXBuildFile; fileRef = 648A6A382C02FA1600833FE4 /* Preview Assets.xcassets */; };
		648A6A432C02FA1600833FE4 /* LLDB_debuggingTests.swift in Sources */ = {isa = PBXBuildFile; fileRef = 648A6A422C02FA1600833FE4 /* LLDB_debuggingTests.swift */; };
		648A6A4D2C02FA1600833FE4 /* LLDB_debuggingUITests.swift in Sources */ = {isa = PBXBuildFile; fileRef = 648A6A4C2C02FA1600833FE4 /* LLDB_debuggingUITests.swift */; };
		648A6A4F2C02FA1600833FE4 /* LLDB_debuggingUITestsLaunchTests.swift in Sources */ = {isa = PBXBuildFile; fileRef = 648A6A4E2C02FA1600833FE4 /* LLDB_debuggingUITestsLaunchTests.swift */; };
/* End PBXBuildFile section */

/* Begin PBXContainerItemProxy section */
		648A6A3F2C02FA1600833FE4 /* PBXContainerItemProxy */ = {
			isa = PBXContainerItemProxy;
			containerPortal = 648A6A262C02FA1300833FE4 /* Project object */;
			proxyType = 1;
			remoteGlobalIDString = 648A6A2D2C02FA1300833FE4;
			remoteInfo = LLDB_debugging;
		};
		648A6A492C02FA1600833FE4 /* PBXContainerItemProxy */ = {
			isa = PBXContainerItemProxy;
			containerPortal = 648A6A262C02FA1300833FE4 /* Project object */;
			proxyType = 1;
			remoteGlobalIDString = 648A6A2D2C02FA1300833FE4;
			remoteInfo = LLDB_debugging;
		};
/* End PBXContainerItemProxy section */

/* Begin PBXFileReference section */
		648A6A2E2C02FA1300833FE4 /* LLDB_debugging.app */ = {isa = PBXFileReference; explicitFileType = wrapper.application; includeInIndex = 0; path = LLDB_debugging.app; sourceTree = BUILT_PRODUCTS_DIR; };
		648A6A312C02FA1300833FE4 /* LLDB_debuggingApp.swift */ = {isa = PBXFileReference; lastKnownFileType = sourcecode.swift; path = LLDB_debuggingApp.swift; sourceTree = "<group>"; };
		648A6A332C02FA1300833FE4 /* ContentView.swift */ = {isa = PBXFileReference; lastKnownFileType = sourcecode.swift; path = ContentView.swift; sourceTree = "<group>"; };
		648A6A352C02FA1600833FE4 /* Assets.xcassets */ = {isa = PBXFileReference; lastKnownFileType = folder.assetcatalog; path = Assets.xcassets; sourceTree = "<group>"; };
		648A6A382C02FA1600833FE4 /* Preview Assets.xcassets */ = {isa = PBXFileReference; lastKnownFileType = folder.assetcatalog; path = "Preview Assets.xcassets"; sourceTree = "<group>"; };
		648A6A3E2C02FA1600833FE4 /* LLDB_debuggingTests.xctest */ = {isa = PBXFileReference; explicitFileType = wrapper.cfbundle; includeInIndex = 0; path = LLDB_debuggingTests.xctest; sourceTree = BUILT_PRODUCTS_DIR; };
		648A6A422C02FA1600833FE4 /* LLDB_debuggingTests.swift */ = {isa = PBXFileReference; lastKnownFileType = sourcecode.swift; path = LLDB_debuggingTests.swift; sourceTree = "<group>"; };
		648A6A482C02FA1600833FE4 /* LLDB_debuggingUITests.xctest */ = {isa = PBXFileReference; explicitFileType = wrapper.cfbundle; includeInIndex = 0; path = LLDB_debuggingUITests.xctest; sourceTree = BUILT_PRODUCTS_DIR; };
		648A6A4C2C02FA1600833FE4 /* LLDB_debuggingUITests.swift */ = {isa = PBXFileReference; lastKnownFileType = sourcecode.swift; path = LLDB_debuggingUITests.swift; sourceTree = "<group>"; };
		648A6A4E2C02FA1600833FE4 /* LLDB_debuggingUITestsLaunchTests.swift */ = {isa = PBXFileReference; lastKnownFileType = sourcecode.swift; path = LLDB_debuggingUITestsLaunchTests.swift; sourceTree = "<group>"; };
/* End PBXFileReference section */

/* Begin PBXFrameworksBuildPhase section */
		648A6A2B2C02FA1300833FE4 /* Frameworks */ = {
			isa = PBXFrameworksBuildPhase;
			buildActionMask = 2147483647;
			files = (
			);
			runOnlyForDeploymentPostprocessing = 0;
		};
		648A6A3B2C02FA1600833FE4 /* Frameworks */ = {
			isa = PBXFrameworksBuildPhase;
			buildActionMask = 2147483647;
			files = (
			);
			runOnlyForDeploymentPostprocessing = 0;
		};
		648A6A452C02FA1600833FE4 /* Frameworks */ = {
			isa = PBXFrameworksBuildPhase;
			buildActionMask = 2147483647;
			files = (
			);
			runOnlyForDeploymentPostprocessing = 0;
		};
/* End PBXFrameworksBuildPhase section */

/* Begin PBXGroup section */
		648A6A252C02FA1300833FE4 = {
			isa = PBXGroup;
			children = (
				648A6A302C02FA1300833FE4 /* LLDB_debugging */,
				648A6A412C02FA1600833FE4 /* LLDB_debuggingTests */,
				648A6A4B2C02FA1600833FE4 /* LLDB_debuggingUITests */,
				648A6A2F2C02FA1300833FE4 /* Products */,
			);
			sourceTree = "<group>";
		};
		648A6A2F2C02FA1300833FE4 /* Products */ = {
			isa = PBXGroup;
			children = (
				648A6A2E2C02FA1300833FE4 /* LLDB_debugging.app */,
				648A6A3E2C02FA1600833FE4 /* LLDB_debuggingTests.xctest */,
				648A6A482C02FA1600833FE4 /* LLDB_debuggingUITests.xctest */,
			);
			name = Products;
			sourceTree = "<group>";
		};
		648A6A302C02FA1300833FE4 /* LLDB_debugging */ = {
			isa = PBXGroup;
			children = (
				648A6A312C02FA1300833FE4 /* LLDB_debuggingApp.swift */,
				648A6A332C02FA1300833FE4 /* ContentView.swift */,
				648A6A352C02FA1600833FE4 /* Assets.xcassets */,
				648A6A372C02FA1600833FE4 /* Preview Content */,
			);
			path = LLDB_debugging;
			sourceTree = "<group>";
		};
		648A6A372C02FA1600833FE4 /* Preview Content */ = {
			isa = PBXGroup;
			children = (
				648A6A382C02FA1600833FE4 /* Preview Assets.xcassets */,
			);
			path = "Preview Content";
			sourceTree = "<group>";
		};
		648A6A412C02FA1600833FE4 /* LLDB_debuggingTests */ = {
			isa = PBXGroup;
			children = (
				648A6A422C02FA1600833FE4 /* LLDB_debuggingTests.swift */,
			);
			path = LLDB_debuggingTests;
			sourceTree = "<group>";
		};
		648A6A4B2C02FA1600833FE4 /* LLDB_debuggingUITests */ = {
			isa = PBXGroup;
			children = (
				648A6A4C2C02FA1600833FE4 /* LLDB_debuggingUITests.swift */,
				648A6A4E2C02FA1600833FE4 /* LLDB_debuggingUITestsLaunchTests.swift */,
			);
			path = LLDB_debuggingUITests;
			sourceTree = "<group>";
		};
/* End PBXGroup section */

/* Begin PBXNativeTarget section */
		648A6A2D2C02FA1300833FE4 /* LLDB_debugging */ = {
			isa = PBXNativeTarget;
			buildConfigurationList = 648A6A522C02FA1600833FE4 /* Build configuration list for PBXNativeTarget "LLDB_debugging" */;
			buildPhases = (
				648A6A2A2C02FA1300833FE4 /* Sources */,
				648A6A2B2C02FA1300833FE4 /* Frameworks */,
				648A6A2C2C02FA1300833FE4 /* Resources */,
			);
			buildRules = (
			);
			dependencies = (
			);
			name = LLDB_debugging;
			productName = LLDB_debugging;
			productReference = 648A6A2E2C02FA1300833FE4 /* LLDB_debugging.app */;
			productType = "com.apple.product-type.application";
		};
		648A6A3D2C02FA1600833FE4 /* LLDB_debuggingTests */ = {
			isa = PBXNativeTarget;
			buildConfigurationList = 648A6A552C02FA1600833FE4 /* Build configuration list for PBXNativeTarget "LLDB_debuggingTests" */;
			buildPhases = (
				648A6A3A2C02FA1600833FE4 /* Sources */,
				648A6A3B2C02FA1600833FE4 /* Frameworks */,
				648A6A3C2C02FA1600833FE4 /* Resources */,
			);
			buildRules = (
			);
			dependencies = (
				648A6A402C02FA1600833FE4 /* PBXTargetDependency */,
			);
			name = LLDB_debuggingTests;
			productName = LLDB_debuggingTests;
			productReference = 648A6A3E2C02FA1600833FE4 /* LLDB_debuggingTests.xctest */;
			productType = "com.apple.product-type.bundle.unit-test";
		};
		648A6A472C02FA1600833FE4 /* LLDB_debuggingUITests */ = {
			isa = PBXNativeTarget;
			buildConfigurationList = 648A6A582C02FA1600833FE4 /* Build configuration list for PBXNativeTarget "LLDB_debuggingUITests" */;
			buildPhases = (
				648A6A442C02FA1600833FE4 /* Sources */,
				648A6A452C02FA1600833FE4 /* Frameworks */,
				648A6A462C02FA1600833FE4 /* Resources */,
			);
			buildRules = (
			);
			dependencies = (
				648A6A4A2C02FA1600833FE4 /* PBXTargetDependency */,
			);
			name = LLDB_debuggingUITests;
			productName = LLDB_debuggingUITests;
			productReference = 648A6A482C02FA1600833FE4 /* LLDB_debuggingUITests.xctest */;
			productType = "com.apple.product-type.bundle.ui-testing";
		};
/* End PBXNativeTarget section */

/* Begin PBXProject section */
		648A6A262C02FA1300833FE4 /* Project object */ = {
			isa = PBXProject;
			attributes = {
				BuildIndependentTargetsInParallel = 1;
				LastSwiftUpdateCheck = 1540;
				LastUpgradeCheck = 1540;
				TargetAttributes = {
					648A6A2D2C02FA1300833FE4 = {
						CreatedOnToolsVersion = 15.4;
					};
					648A6A3D2C02FA1600833FE4 = {
						CreatedOnToolsVersion = 15.4;
						TestTargetID = 648A6A2D2C02FA1300833FE4;
					};
					648A6A472C02FA1600833FE4 = {
						CreatedOnToolsVersion = 15.4;
						TestTargetID = 648A6A2D2C02FA1300833FE4;
					};
				};
			};
			buildConfigurationList = 648A6A292C02FA1300833FE4 /* Build configuration list for PBXProject "LLDB_debugging" */;
			compatibilityVersion = "Xcode 14.0";
			developmentRegion = en;
			hasScannedForEncodings = 0;
			knownRegions = (
				en,
				Base,
			);
			mainGroup = 648A6A252C02FA1300833FE4;
			productRefGroup = 648A6A2F2C02FA1300833FE4 /* Products */;
			projectDirPath = "";
			projectRoot = "";
			targets = (
				648A6A2D2C02FA1300833FE4 /* LLDB_debugging */,
				648A6A3D2C02FA1600833FE4 /* LLDB_debuggingTests */,
				648A6A472C02FA1600833FE4 /* LLDB_debuggingUITests */,
			);
		};
/* End PBXProject section */

/* Begin PBXResourcesBuildPhase section */
		648A6A2C2C02FA1300833FE4 /* Resources */ = {
			isa = PBXResourcesBuildPhase;
			buildActionMask = 2147483647;
			files = (
				648A6A392C02FA1600833FE4 /* Preview Assets.xcassets in Resources */,
				648A6A362C02FA1600833FE4 /* Assets.xcassets in Resources */,
			);
			runOnlyForDeploymentPostprocessing = 0;
		};
		648A6A3C2C02FA1600833FE4 /* Resources */ = {
			isa = PBXResourcesBuildPhase;
			buildActionMask = 2147483647;
			files = (
			);
			runOnlyForDeploymentPostprocessing = 0;
		};
		648A6A462C02FA1600833FE4 /* Resources */ = {
			isa = PBXResourcesBuildPhase;
			buildActionMask = 2147483647;
			files = (
			);
			runOnlyForDeploymentPostprocessing = 0;
		};
/* End PBXResourcesBuildPhase section */

/* Begin PBXSourcesBuildPhase section */
		648A6A2A2C02FA1300833FE4 /* Sources */ = {
			isa = PBXSourcesBuildPhase;
			buildActionMask = 2147483647;
			files = (
				648A6A342C02FA1300833FE4 /* ContentView.swift in Sources */,
				648A6A322C02FA1300833FE4 /* LLDB_debuggingApp.swift in Sources */,
			);
			runOnlyForDeploymentPostprocessing = 0;
		};
		648A6A3A2C02FA1600833FE4 /* Sources */ = {
			isa = PBXSourcesBuildPhase;
			buildActionMask = 2147483647;
			files = (
				648A6A432C02FA1600833FE4 /* LLDB_debuggingTests.swift in Sources */,
			);
			runOnlyForDeploymentPostprocessing = 0;
		};
		648A6A442C02FA1600833FE4 /* Sources */ = {
			isa = PBXSourcesBuildPhase;
			buildActionMask = 2147483647;
			files = (
				648A6A4D2C02FA1600833FE4 /* LLDB_debuggingUITests.swift in Sources */,
				648A6A4F2C02FA1600833FE4 /* LLDB_debuggingUITestsLaunchTests.swift in Sources */,
			);
			runOnlyForDeploymentPostprocessing = 0;
		};
/* End PBXSourcesBuildPhase section */

/* Begin PBXTargetDependency section */
		648A6A402C02FA1600833FE4 /* PBXTargetDependency */ = {
			isa = PBXTargetDependency;
			target = 648A6A2D2C02FA1300833FE4 /* LLDB_debugging */;
			targetProxy = 648A6A3F2C02FA1600833FE4 /* PBXContainerItemProxy */;
		};
		648A6A4A2C02FA1600833FE4 /* PBXTargetDependency */ = {
			isa = PBXTargetDependency;
			target = 648A6A2D2C02FA1300833FE4 /* LLDB_debugging */;
			targetProxy = 648A6A492C02FA1600833FE4 /* PBXContainerItemProxy */;
		};
/* End PBXTargetDependency section */

/* Begin XCBuildConfiguration section */
		648A6A502C02FA1600833FE4 /* Debug */ = {
			isa = XCBuildConfiguration;
			buildSettings = {
				ALWAYS_SEARCH_USER_PATHS = NO;
				ASSETCATALOG_COMPILER_GENERATE_SWIFT_ASSET_SYMBOL_EXTENSIONS = YES;
				CLANG_ANALYZER_NONNULL = YES;
				CLANG_ANALYZER_NUMBER_OBJECT_CONVERSION = YES_AGGRESSIVE;
				CLANG_CXX_LANGUAGE_STANDARD = "gnu++20";
				CLANG_ENABLE_MODULES = YES;
				CLANG_ENABLE_OBJC_ARC = YES;
				CLANG_ENABLE_OBJC_WEAK = YES;
				CLANG_WARN_BLOCK_CAPTURE_AUTORELEASING = YES;
				CLANG_WARN_BOOL_CONVERSION = YES;
				CLANG_WARN_COMMA = YES;
				CLANG_WARN_CONSTANT_CONVERSION = YES;
				CLANG_WARN_DEPRECATED_OBJC_IMPLEMENTATIONS = YES;
				CLANG_WARN_DIRECT_OBJC_ISA_USAGE = YES_ERROR;
				CLANG_WARN_DOCUMENTATION_COMMENTS = YES;
				CLANG_WARN_EMPTY_BODY = YES;
				CLANG_WARN_ENUM_CONVERSION = YES;
				CLANG_WARN_INFINITE_RECURSION = YES;
				CLANG_WARN_INT_CONVERSION = YES;
				CLANG_WARN_NON_LITERAL_NULL_CONVERSION = YES;
				CLANG_WARN_OBJC_IMPLICIT_RETAIN_SELF = YES;
				CLANG_WARN_OBJC_LITERAL_CONVERSION = YES;
				CLANG_WARN_OBJC_ROOT_CLASS = YES_ERROR;
				CLANG_WARN_QUOTED_INCLUDE_IN_FRAMEWORK_HEADER = YES;
				CLANG_WARN_RANGE_LOOP_ANALYSIS = YES;
				CLANG_WARN_STRICT_PROTOTYPES = YES;
				CLANG_WARN_SUSPICIOUS_MOVE = YES;
				CLANG_WARN_UNGUARDED_AVAILABILITY = YES_AGGRESSIVE;
				CLANG_WARN_UNREACHABLE_CODE = YES;
				CLANG_WARN__DUPLICATE_METHOD_MATCH = YES;
				COPY_PHASE_STRIP = NO;
				DEBUG_INFORMATION_FORMAT = dwarf;
				ENABLE_STRICT_OBJC_MSGSEND = YES;
				ENABLE_TESTABILITY = YES;
				ENABLE_USER_SCRIPT_SANDBOXING = YES;
				GCC_C_LANGUAGE_STANDARD = gnu17;
				GCC_DYNAMIC_NO_PIC = NO;
				GCC_NO_COMMON_BLOCKS = YES;
				GCC_OPTIMIZATION_LEVEL = 0;
				GCC_PREPROCESSOR_DEFINITIONS = (
					"DEBUG=1",
					"$(inherited)",
				);
				GCC_WARN_64_TO_32_BIT_CONVERSION = YES;
				GCC_WARN_ABOUT_RETURN_TYPE = YES_ERROR;
				GCC_WARN_UNDECLARED_SELECTOR = YES;
				GCC_WARN_UNINITIALIZED_AUTOS = YES_AGGRESSIVE;
				GCC_WARN_UNUSED_FUNCTION = YES;
				GCC_WARN_UNUSED_VARIABLE = YES;
				IPHONEOS_DEPLOYMENT_TARGET = 17.5;
				LOCALIZATION_PREFERS_STRING_CATALOGS = YES;
				MTL_ENABLE_DEBUG_INFO = INCLUDE_SOURCE;
				MTL_FAST_MATH = YES;
				ONLY_ACTIVE_ARCH = YES;
				SDKROOT = iphoneos;
				SWIFT_ACTIVE_COMPILATION_CONDITIONS = "DEBUG $(inherited)";
				SWIFT_OPTIMIZATION_LEVEL = "-Onone";
			};
			name = Debug;
		};
		648A6A512C02FA1600833FE4 /* Release */ = {
			isa = XCBuildConfiguration;
			buildSettings = {
				ALWAYS_SEARCH_USER_PATHS = NO;
				ASSETCATALOG_COMPILER_GENERATE_SWIFT_ASSET_SYMBOL_EXTENSIONS = YES;
				CLANG_ANALYZER_NONNULL = YES;
				CLANG_ANALYZER_NUMBER_OBJECT_CONVERSION = YES_AGGRESSIVE;
				CLANG_CXX_LANGUAGE_STANDARD = "gnu++20";
				CLANG_ENABLE_MODULES = YES;
				CLANG_ENABLE_OBJC_ARC = YES;
				CLANG_ENABLE_OBJC_WEAK = YES;
				CLANG_WARN_BLOCK_CAPTURE_AUTORELEASING = YES;
				CLANG_WARN_BOOL_CONVERSION = YES;
				CLANG_WARN_COMMA = YES;
				CLANG_WARN_CONSTANT_CONVERSION = YES;
				CLANG_WARN_DEPRECATED_OBJC_IMPLEMENTATIONS = YES;
				CLANG_WARN_DIRECT_OBJC_ISA_USAGE = YES_ERROR;
				CLANG_WARN_DOCUMENTATION_COMMENTS = YES;
				CLANG_WARN_EMPTY_BODY = YES;
				CLANG_WARN_ENUM_CONVERSION = YES;
				CLANG_WARN_INFINITE_RECURSION = YES;
				CLANG_WARN_INT_CONVERSION = YES;
				CLANG_WARN_NON_LITERAL_NULL_CONVERSION = YES;
				CLANG_WARN_OBJC_IMPLICIT_RETAIN_SELF = YES;
				CLANG_WARN_OBJC_LITERAL_CONVERSION = YES;
				CLANG_WARN_OBJC_ROOT_CLASS = YES_ERROR;
				CLANG_WARN_QUOTED_INCLUDE_IN_FRAMEWORK_HEADER = YES;
				CLANG_WARN_RANGE_LOOP_ANALYSIS = YES;
				CLANG_WARN_STRICT_PROTOTYPES = YES;
				CLANG_WARN_SUSPICIOUS_MOVE = YES;
				CLANG_WARN_UNGUARDED_AVAILABILITY = YES_AGGRESSIVE;
				CLANG_WARN_UNREACHABLE_CODE = YES;
				CLANG_WARN__DUPLICATE_METHOD_MATCH = YES;
				COPY_PHASE_STRIP = NO;
				DEBUG_INFORMATION_FORMAT = "dwarf-with-dsym";
				ENABLE_NS_ASSERTIONS = NO;
				ENABLE_STRICT_OBJC_MSGSEND = YES;
				ENABLE_USER_SCRIPT_SANDBOXING = YES;
				GCC_C_LANGUAGE_STANDARD = gnu17;
				GCC_NO_COMMON_BLOCKS = YES;
				GCC_WARN_64_TO_32_BIT_CONVERSION = YES;
				GCC_WARN_ABOUT_RETURN_TYPE = YES_ERROR;
				GCC_WARN_UNDECLARED_SELECTOR = YES;
				GCC_WARN_UNINITIALIZED_AUTOS = YES_AGGRESSIVE;
				GCC_WARN_UNUSED_FUNCTION = YES;
				GCC_WARN_UNUSED_VARIABLE = YES;
				IPHONEOS_DEPLOYMENT_TARGET = 17.5;
				LOCALIZATION_PREFERS_STRING_CATALOGS = YES;
				MTL_ENABLE_DEBUG_INFO = NO;
				MTL_FAST_MATH = YES;
				SDKROOT = iphoneos;
				SWIFT_COMPILATION_MODE = wholemodule;
				VALIDATE_PRODUCT = YES;
			};
			name = Release;
		};
		648A6A532C02FA1600833FE4 /* Debug */ = {
			isa = XCBuildConfiguration;
			buildSettings = {
				ASSETCATALOG_COMPILER_APPICON_NAME = AppIcon;
				ASSETCATALOG_COMPILER_GLOBAL_ACCENT_COLOR_NAME = AccentColor;
				CODE_SIGN_STYLE = Automatic;
				CURRENT_PROJECT_VERSION = 1;
				DEVELOPMENT_ASSET_PATHS = "\"LLDB_debugging/Preview Content\"";
				DEVELOPMENT_TEAM = 9S8KMMC3YH;
				ENABLE_PREVIEWS = YES;
				GENERATE_INFOPLIST_FILE = YES;
				INFOPLIST_KEY_UIApplicationSceneManifest_Generation = YES;
				INFOPLIST_KEY_UIApplicationSupportsIndirectInputEvents = YES;
				INFOPLIST_KEY_UILaunchScreen_Generation = YES;
				INFOPLIST_KEY_UISupportedInterfaceOrientations_iPad = "UIInterfaceOrientationPortrait UIInterfaceOrientationPortraitUpsideDown UIInterfaceOrientationLandscapeLeft UIInterfaceOrientationLandscapeRight";
				INFOPLIST_KEY_UISupportedInterfaceOrientations_iPhone = "UIInterfaceOrientationPortrait UIInterfaceOrientationLandscapeLeft UIInterfaceOrientationLandscapeRight";
				LD_RUNPATH_SEARCH_PATHS = (
					"$(inherited)",
					"@executable_path/Frameworks",
				);
				MARKETING_VERSION = 1.0;
				PRODUCT_BUNDLE_IDENTIFIER = "com.woogie.LLDB-debugging";
				PRODUCT_NAME = "$(TARGET_NAME)";
				SWIFT_EMIT_LOC_STRINGS = YES;
				SWIFT_VERSION = 5.0;
				TARGETED_DEVICE_FAMILY = "1,2";
			};
			name = Debug;
		};
		648A6A542C02FA1600833FE4 /* Release */ = {
			isa = XCBuildConfiguration;
			buildSettings = {
				ASSETCATALOG_COMPILER_APPICON_NAME = AppIcon;
				ASSETCATALOG_COMPILER_GLOBAL_ACCENT_COLOR_NAME = AccentColor;
				CODE_SIGN_STYLE = Automatic;
				CURRENT_PROJECT_VERSION = 1;
				DEVELOPMENT_ASSET_PATHS = "\"LLDB_debugging/Preview Content\"";
				DEVELOPMENT_TEAM = 9S8KMMC3YH;
				ENABLE_PREVIEWS = YES;
				GENERATE_INFOPLIST_FILE = YES;
				INFOPLIST_KEY_UIApplicationSceneManifest_Generation = YES;
				INFOPLIST_KEY_UIApplicationSupportsIndirectInputEvents = YES;
				INFOPLIST_KEY_UILaunchScreen_Generation = YES;
				INFOPLIST_KEY_UISupportedInterfaceOrientations_iPad = "UIInterfaceOrientationPortrait UIInterfaceOrientationPortraitUpsideDown UIInterfaceOrientationLandscapeLeft UIInterfaceOrientationLandscapeRight";
				INFOPLIST_KEY_UISupportedInterfaceOrientations_iPhone = "UIInterfaceOrientationPortrait UIInterfaceOrientationLandscapeLeft UIInterfaceOrientationLandscapeRight";
				LD_RUNPATH_SEARCH_PATHS = (
					"$(inherited)",
					"@executable_path/Frameworks",
				);
				MARKETING_VERSION = 1.0;
				PRODUCT_BUNDLE_IDENTIFIER = "com.woogie.LLDB-debugging";
				PRODUCT_NAME = "$(TARGET_NAME)";
				SWIFT_EMIT_LOC_STRINGS = YES;
				SWIFT_VERSION = 5.0;
				TARGETED_DEVICE_FAMILY = "1,2";
			};
			name = Release;
		};
		648A6A562C02FA1600833FE4 /* Debug */ = {
			isa = XCBuildConfiguration;
			buildSettings = {
				ALWAYS_EMBED_SWIFT_STANDARD_LIBRARIES = YES;
				BUNDLE_LOADER = "$(TEST_HOST)";
				CODE_SIGN_STYLE = Automatic;
				CURRENT_PROJECT_VERSION = 1;
				DEVELOPMENT_TEAM = 9S8KMMC3YH;
				GENERATE_INFOPLIST_FILE = YES;
				IPHONEOS_DEPLOYMENT_TARGET = 17.5;
				MARKETING_VERSION = 1.0;
				PRODUCT_BUNDLE_IDENTIFIER = "com.woogie.LLDB-debuggingTests";
				PRODUCT_NAME = "$(TARGET_NAME)";
				SWIFT_EMIT_LOC_STRINGS = NO;
				SWIFT_VERSION = 5.0;
				TARGETED_DEVICE_FAMILY = "1,2";
				TEST_HOST = "$(BUILT_PRODUCTS_DIR)/LLDB_debugging.app/$(BUNDLE_EXECUTABLE_FOLDER_PATH)/LLDB_debugging";
			};
			name = Debug;
		};
		648A6A572C02FA1600833FE4 /* Release */ = {
			isa = XCBuildConfiguration;
			buildSettings = {
				ALWAYS_EMBED_SWIFT_STANDARD_LIBRARIES = YES;
				BUNDLE_LOADER = "$(TEST_HOST)";
				CODE_SIGN_STYLE = Automatic;
				CURRENT_PROJECT_VERSION = 1;
				DEVELOPMENT_TEAM = 9S8KMMC3YH;
				GENERATE_INFOPLIST_FILE = YES;
				IPHONEOS_DEPLOYMENT_TARGET = 17.5;
				MARKETING_VERSION = 1.0;
				PRODUCT_BUNDLE_IDENTIFIER = "com.woogie.LLDB-debuggingTests";
				PRODUCT_NAME = "$(TARGET_NAME)";
				SWIFT_EMIT_LOC_STRINGS = NO;
				SWIFT_VERSION = 5.0;
				TARGETED_DEVICE_FAMILY = "1,2";
				TEST_HOST = "$(BUILT_PRODUCTS_DIR)/LLDB_debugging.app/$(BUNDLE_EXECUTABLE_FOLDER_PATH)/LLDB_debugging";
			};
			name = Release;
		};
		648A6A592C02FA1600833FE4 /* Debug */ = {
			isa = XCBuildConfiguration;
			buildSettings = {
				ALWAYS_EMBED_SWIFT_STANDARD_LIBRARIES = YES;
				CODE_SIGN_STYLE = Automatic;
				CURRENT_PROJECT_VERSION = 1;
				DEVELOPMENT_TEAM = 9S8KMMC3YH;
				GENERATE_INFOPLIST_FILE = YES;
				MARKETING_VERSION = 1.0;
				PRODUCT_BUNDLE_IDENTIFIER = "com.woogie.LLDB-debuggingUITests";
				PRODUCT_NAME = "$(TARGET_NAME)";
				SWIFT_EMIT_LOC_STRINGS = NO;
				SWIFT_VERSION = 5.0;
				TARGETED_DEVICE_FAMILY = "1,2";
				TEST_TARGET_NAME = LLDB_debugging;
			};
			name = Debug;
		};
		648A6A5A2C02FA1600833FE4 /* Release */ = {
			isa = XCBuildConfiguration;
			buildSettings = {
				ALWAYS_EMBED_SWIFT_STANDARD_LIBRARIES = YES;
				CODE_SIGN_STYLE = Automatic;
				CURRENT_PROJECT_VERSION = 1;
				DEVELOPMENT_TEAM = 9S8KMMC3YH;
				GENERATE_INFOPLIST_FILE = YES;
				MARKETING_VERSION = 1.0;
				PRODUCT_BUNDLE_IDENTIFIER = "com.woogie.LLDB-debuggingUITests";
				PRODUCT_NAME = "$(TARGET_NAME)";
				SWIFT_EMIT_LOC_STRINGS = NO;
				SWIFT_VERSION = 5.0;
				TARGETED_DEVICE_FAMILY = "1,2";
				TEST_TARGET_NAME = LLDB_debugging;
			};
			name = Release;
		};
/* End XCBuildConfiguration section */

/* Begin XCConfigurationList section */
		648A6A292C02FA1300833FE4 /* Build configuration list for PBXProject "LLDB_debugging" */ = {
			isa = XCConfigurationList;
			buildConfigurations = (
				648A6A502C02FA1600833FE4 /* Debug */,
				648A6A512C02FA1600833FE4 /* Release */,
			);
			defaultConfigurationIsVisible = 0;
			defaultConfigurationName = Release;
		};
		648A6A522C02FA1600833FE4 /* Build configuration list for PBXNativeTarget "LLDB_debugging" */ = {
			isa = XCConfigurationList;
			buildConfigurations = (
				648A6A532C02FA1600833FE4 /* Debug */,
				648A6A542C02FA1600833FE4 /* Release */,
			);
			defaultConfigurationIsVisible = 0;
			defaultConfigurationName = Release;
		};
		648A6A552C02FA1600833FE4 /* Build configuration list for PBXNativeTarget "LLDB_debuggingTests" */ = {
			isa = XCConfigurationList;
			buildConfigurations = (
				648A6A562C02FA1600833FE4 /* Debug */,
				648A6A572C02FA1600833FE4 /* Release */,
			);
			defaultConfigurationIsVisible = 0;
			defaultConfigurationName = Release;
		};
		648A6A582C02FA1600833FE4 /* Build configuration list for PBXNativeTarget "LLDB_debuggingUITests" */ = {
			isa = XCConfigurationList;
			buildConfigurations = (
				648A6A592C02FA1600833FE4 /* Debug */,
				648A6A5A2C02FA1600833FE4 /* Release */,
			);
			defaultConfigurationIsVisible = 0;
			defaultConfigurationName = Release;
		};
/* End XCConfigurationList section */
	};
	rootObject = 648A6A262C02FA1300833FE4 /* Project object */;
}
